
Microsoft Visual Studio Solution File, Format Version 12.00
# Visual Studio Version 16
VisualStudioVersion = 16.0.32228.343
MinimumVisualStudioVersion = 10.0.40219.1
Project("{FAE04EC0-301F-11D3-BF4B-00C04F79EFBC}") = "API", "API.csproj", "{74D84E66-2248-4395-A32E-1FABCEB8D0DE}"
EndProject
Global
	GlobalSection(SolutionConfigurationPlatforms) = preSolution
		Debug|Any CPU = Debug|Any CPU
		Release|Any CPU = Release|Any CPU
	EndGlobalSection
	GlobalSection(ProjectConfigurationPlatforms) = postSolution
		{74D84E66-2248-4395-A32E-1FABCEB8D0DE}.Debug|Any CPU.ActiveCfg = Debug|Any CPU
		{74D84E66-2248-4395-A32E-1FABCEB8D0DE}.Debug|Any CPU.Build.0 = Debug|Any CPU
		{74D84E66-2248-4395-A32E-1FABCEB8D0DE}.Release|Any CPU.ActiveCfg = Release|Any CPU
		{74D84E66-2248-4395-A32E-1FABCEB8D0DE}.Release|Any CPU.Build.0 = Release|Any CPU
	EndGlobalSection
	GlobalSection(SolutionProperties) = preSolution
		HideSolutionNode = FALSE
	EndGlobalSection
	GlobalSection(ExtensibilityGlobals) = postSolution
		SolutionGuid = {61BBD594-DD19-4800-93B9-9AA09BAC34DA}
	EndGlobalSection
EndGlobal
